{
    "_readme": [
        "This file locks the dependencies of your project to a known state",
        "Read more about it at https://getcomposer.org/doc/01-basic-usage.md#composer-lock-the-lock-file",
        "This file is @generated automatically"
    ],
    "content-hash": "12354ba52d82baa65ccaec3027601f13",
    "packages": [
        {
            "name": "patrickschur/language-detection",
            "version": "v3.3.0",
            "source": {
                "type": "git",
                "url": "https://github.com/patrickschur/language-detection.git",
                "reference": "21a2e7a1b9bf6bff578ac11c6dcf3d3668aeccdf"
            },
            "dist": {
                "type": "zip",
                "url": "https://api.github.com/repos/patrickschur/language-detection/zipball/21a2e7a1b9bf6bff578ac11c6dcf3d3668aeccdf",
                "reference": "21a2e7a1b9bf6bff578ac11c6dcf3d3668aeccdf",
                "shasum": ""
            },
            "require": {
                "ext-mbstring": "*",
                "php": "^7"
            },
            "require-dev": {
                "phpunit/phpunit": "^6"
            },
            "type": "library",
            "autoload": {
                "psr-4": {
                    "LanguageDetection\\": "src/LanguageDetection"
                }
            },
            "notification-url": "https://packagist.org/downloads/",
            "license": [
                "MIT"
            ],
            "authors": [
                {
                    "name": "Patrick Schur",
                    "email": "patrick_schur@outlook.de"
                }
            ],
            "description": "A language detection library for PHP. Detects the language from a given text string.",
            "homepage": "https://github.com/patrickschur/language-detection",
            "keywords": [
                "detect",
                "detection",
                "language"
            ],
            "time": "2018-02-01T17:12:47+00:00"
        },
        {
            "name": "patrickschur/stanford-nlp-tagger",
            "version": "v0.2.0",
            "source": {
                "type": "git",
                "url": "https://github.com/patrickschur/stanford-nlp-tagger.git",
                "reference": "5e28cae083aee998719ed49213f91d0f6ff8327b"
            },
            "dist": {
                "type": "zip",
                "url": "https://api.github.com/repos/patrickschur/stanford-nlp-tagger/zipball/5e28cae083aee998719ed49213f91d0f6ff8327b",
                "reference": "5e28cae083aee998719ed49213f91d0f6ff8327b",
                "shasum": ""
            },
            "require": {
                "patrickschur/language-detection": "^3",
                "php": "^7"
            },
            "type": "library",
            "autoload": {
                "psr-4": {
                    "StanfordTagger\\": "src/StanfordTagger"
                }
            },
            "notification-url": "https://packagist.org/downloads/",
            "license": [
                "MIT"
            ],
            "authors": [
                {
                    "name": "Patrick Schur",
                    "email": "patrick_schur@outlook.de"
                }
            ],
            "description": "PHP wrapper for the Stanford Natural Language Processing library. Supports POSTagger and CRFClassifier.",
            "homepage": "https://github.com/patrickschur/stanford-nlp-tagger",
            "keywords": [
                "classifier",
                "language",
                "natural-language-processing",
                "ner",
                "nlp",
                "pos",
                "tagger",
                "wrapper"
            ],
            "time": "2017-08-21T16:38:21+00:00"
        }
    ],
    "packages-dev": [],
    "aliases": [],
    "minimum-stability": "stable",
    "stability-flags": [],
    "prefer-stable": false,
    "prefer-lowest": false,
    "platform": [],
    "platform-dev": []
}
